// !$*UTF8*$!
{
	archiveVersion = 1;
	classes = {
	};
	objectVersion = 50;
	objects = {

/* Begin PBXBuildFile section */
		B985D9B22690F3F3002DA0F1 /* PrepareJSON.swift in Sources */ = {isa = PBXBuildFile; fileRef = B985D9B12690F3F3002DA0F1 /* PrepareJSON.swift */; };
		B9865497268F9BA90071BA18 /* DetailViewController.swift in Sources */ = {isa = PBXBuildFile; fileRef = B9865496268F9BA90071BA18 /* DetailViewController.swift */; };
		B986A224268B9CC8005A7918 /* jCal.json in Resources */ = {isa = PBXBuildFile; fileRef = B986A223268B9CC8005A7918 /* jCal.json */; };
		B9876C08268CD3D4003E8F0E /* TaskData.swift in Sources */ = {isa = PBXBuildFile; fileRef = B9876C07268CD3D4003E8F0E /* TaskData.swift */; };
		B9A0B2AC2683A8D900789243 /* AppDelegate.swift in Sources */ = {isa = PBXBuildFile; fileRef = B9A0B2AB2683A8D900789243 /* AppDelegate.swift */; };
		B9A0B2AE2683A8D900789243 /* SceneDelegate.swift in Sources */ = {isa = PBXBuildFile; fileRef = B9A0B2AD2683A8D900789243 /* SceneDelegate.swift */; };
		B9A0B2B02683A8D900789243 /* ViewController.swift in Sources */ = {isa = PBXBuildFile; fileRef = B9A0B2AF2683A8D900789243 /* ViewController.swift */; };
		B9A0B2B32683A8D900789243 /* Main.storyboard in Resources */ = {isa = PBXBuildFile; fileRef = B9A0B2B12683A8D900789243 /* Main.storyboard */; };
		B9A0B2B52683A8DA00789243 /* Assets.xcassets in Resources */ = {isa = PBXBuildFile; fileRef = B9A0B2B42683A8DA00789243 /* Assets.xcassets */; };
		B9A0B2B82683A8DA00789243 /* LaunchScreen.storyboard in Resources */ = {isa = PBXBuildFile; fileRef = B9A0B2B62683A8DA00789243 /* LaunchScreen.storyboard */; };
		B9E2C2EE26879E1600124638 /* DateCollectionViewCell.swift in Sources */ = {isa = PBXBuildFile; fileRef = B9E2C2ED26879E1600124638 /* DateCollectionViewCell.swift */; };
		B9E2C2F02687A04A00124638 /* CalendarVars.swift in Sources */ = {isa = PBXBuildFile; fileRef = B9E2C2EF2687A04A00124638 /* CalendarVars.swift */; };
/* End PBXBuildFile section */

/* Begin PBXFileReference section */
		B985D9B12690F3F3002DA0F1 /* PrepareJSON.swift */ = {isa = PBXFileReference; lastKnownFileType = sourcecode.swift; path = PrepareJSON.swift; sourceTree = "<group>"; };
		B9865496268F9BA90071BA18 /* DetailViewController.swift */ = {isa = PBXFileReference; lastKnownFileType = sourcecode.swift; path = DetailViewController.swift; sourceTree = "<group>"; };
		B986A223268B9CC8005A7918 /* jCal.json */ = {isa = PBXFileReference; lastKnownFileType = text.json; path = jCal.json; sourceTree = "<group>"; xcLanguageSpecificationIdentifier = xcode.lang.json; };
		B9876C07268CD3D4003E8F0E /* TaskData.swift */ = {isa = PBXFileReference; lastKnownFileType = sourcecode.swift; path = TaskData.swift; sourceTree = "<group>"; };
		B9A0B2A82683A8D900789243 /* calendar.app */ = {isa = PBXFileReference; explicitFileType = wrapper.application; includeInIndex = 0; path = calendar.app; sourceTree = BUILT_PRODUCTS_DIR; };
		B9A0B2AB2683A8D900789243 /* AppDelegate.swift */ = {isa = PBXFileReference; lastKnownFileType = sourcecode.swift; path = AppDelegate.swift; sourceTree = "<group>"; };
		B9A0B2AD2683A8D900789243 /* SceneDelegate.swift */ = {isa = PBXFileReference; lastKnownFileType = sourcecode.swift; path = SceneDelegate.swift; sourceTree = "<group>"; };
		B9A0B2AF2683A8D900789243 /* ViewController.swift */ = {isa = PBXFileReference; lastKnownFileType = sourcecode.swift; path = ViewController.swift; sourceTree = "<group>"; };
		B9A0B2B22683A8D900789243 /* Base */ = {isa = PBXFileReference; lastKnownFileType = file.storyboard; name = Base; path = Base.lproj/Main.storyboard; sourceTree = "<group>"; };
		B9A0B2B42683A8DA00789243 /* Assets.xcassets */ = {isa = PBXFileReference; lastKnownFileType = folder.assetcatalog; path = Assets.xcassets; sourceTree = "<group>"; };
		B9A0B2B72683A8DA00789243 /* Base */ = {isa = PBXFileReference; lastKnownFileType = file.storyboard; name = Base; path = Base.lproj/LaunchScreen.storyboard; sourceTree = "<group>"; };
		B9A0B2B92683A8DA00789243 /* Info.plist */ = {isa = PBXFileReference; lastKnownFileType = text.plist.xml; path = Info.plist; sourceTree = "<group>"; };
		B9E2C2ED26879E1600124638 /* DateCollectionViewCell.swift */ = {isa = PBXFileReference; lastKnownFileType = sourcecode.swift; path = DateCollectionViewCell.swift; sourceTree = "<group>"; };
		B9E2C2EF2687A04A00124638 /* CalendarVars.swift */ = {isa = PBXFileReference; lastKnownFileType = sourcecode.swift; path = CalendarVars.swift; sourceTree = "<group>"; };
/* End PBXFileReference section */

/* Begin PBXFrameworksBuildPhase section */
		B9A0B2A52683A8D900789243 /* Frameworks */ = {
			isa = PBXFrameworksBuildPhase;
			buildActionMask = 2147483647;
			files = (
			);
			runOnlyForDeploymentPostprocessing = 0;
		};
/* End PBXFrameworksBuildPhase section */

/* Begin PBXGroup section */
		B985D9B02690F298002DA0F1 /* View */ = {
			isa = PBXGroup;
			children = (
				B9A0B2B12683A8D900789243 /* Main.storyboard */,
				B9A0B2B62683A8DA00789243 /* LaunchScreen.storyboard */,
			);
			path = View;
			sourceTree = "<group>";
		};
		B9876C09268CD5F8003E8F0E /* Model */ = {
			isa = PBXGroup;
			children = (
				B9876C07268CD3D4003E8F0E /* TaskData.swift */,
				B985D9B12690F3F3002DA0F1 /* PrepareJSON.swift */,
			);
			path = Model;
			sourceTree = "<group>";
		};
		B9876C0B268CD630003E8F0E /* Supporting */ = {
			isa = PBXGroup;
			children = (
				B9A0B2AD2683A8D900789243 /* SceneDelegate.swift */,
				B9A0B2AB2683A8D900789243 /* AppDelegate.swift */,
				B9E2C2EF2687A04A00124638 /* CalendarVars.swift */,
				B9A0B2B42683A8DA00789243 /* Assets.xcassets */,
				B986A223268B9CC8005A7918 /* jCal.json */,
			);
			path = Supporting;
			sourceTree = "<group>";
		};
		B9931AEA2691A47600B5B785 /* Controller */ = {
			isa = PBXGroup;
			children = (
				B9A0B2AF2683A8D900789243 /* ViewController.swift */,
				B9865496268F9BA90071BA18 /* DetailViewController.swift */,
				B9E2C2ED26879E1600124638 /* DateCollectionViewCell.swift */,
			);
			path = Controller;
			sourceTree = "<group>";
		};
		B9A0B29F2683A8D900789243 = {
			isa = PBXGroup;
			children = (
				B9A0B2AA2683A8D900789243 /* calendar */,
				B9A0B2A92683A8D900789243 /* Products */,
			);
			sourceTree = "<group>";
		};
		B9A0B2A92683A8D900789243 /* Products */ = {
			isa = PBXGroup;
			children = (
				B9A0B2A82683A8D900789243 /* calendar.app */,
			);
			name = Products;
			sourceTree = "<group>";
		};
		B9A0B2AA2683A8D900789243 /* calendar */ = {
			isa = PBXGroup;
			children = (
				B9876C09268CD5F8003E8F0E /* Model */,
				B985D9B02690F298002DA0F1 /* View */,
				B9931AEA2691A47600B5B785 /* Controller */,
				B9876C0B268CD630003E8F0E /* Supporting */,
				B9A0B2B92683A8DA00789243 /* Info.plist */,
			);
			path = calendar;
			sourceTree = "<group>";
		};
/* End PBXGroup section */

/* Begin PBXNativeTarget section */
		B9A0B2A72683A8D900789243 /* calendar */ = {
			isa = PBXNativeTarget;
			buildConfigurationList = B9A0B2BC2683A8DA00789243 /* Build configuration list for PBXNativeTarget "calendar" */;
			buildPhases = (
				B9A0B2A42683A8D900789243 /* Sources */,
				B9A0B2A52683A8D900789243 /* Frameworks */,
				B9A0B2A62683A8D900789243 /* Resources */,
				B98DBCE926907A560076C3FB /* ShellScript */,
			);
			buildRules = (
			);
			dependencies = (
			);
			name = calendar;
			productName = calendar;
			productReference = B9A0B2A82683A8D900789243 /* calendar.app */;
			productType = "com.apple.product-type.application";
		};
/* End PBXNativeTarget section */

/* Begin PBXProject section */
		B9A0B2A02683A8D900789243 /* Project object */ = {
			isa = PBXProject;
			attributes = {
				LastSwiftUpdateCheck = 1250;
				LastUpgradeCheck = 1250;
				TargetAttributes = {
					B9A0B2A72683A8D900789243 = {
						CreatedOnToolsVersion = 12.5.1;
					};
				};
			};
			buildConfigurationList = B9A0B2A32683A8D900789243 /* Build configuration list for PBXProject "calendar" */;
			compatibilityVersion = "Xcode 9.3";
			developmentRegion = en;
			hasScannedForEncodings = 0;
			knownRegions = (
				en,
				Base,
			);
			mainGroup = B9A0B29F2683A8D900789243;
			productRefGroup = B9A0B2A92683A8D900789243 /* Products */;
			projectDirPath = "";
			projectRoot = "";
			targets = (
				B9A0B2A72683A8D900789243 /* calendar */,
			);
		};
/* End PBXProject section */

/* Begin PBXResourcesBuildPhase section */
		B9A0B2A62683A8D900789243 /* Resources */ = {
			isa = PBXResourcesBuildPhase;
			buildActionMask = 2147483647;
			files = (
				B986A224268B9CC8005A7918 /* jCal.json in Resources */,
				B9A0B2B82683A8DA00789243 /* LaunchScreen.storyboard in Resources */,
				B9A0B2B52683A8DA00789243 /* Assets.xcassets in Resources */,
				B9A0B2B32683A8D900789243 /* Main.storyboard in Resources */,
			);
			runOnlyForDeploymentPostprocessing = 0;
		};
/* End PBXResourcesBuildPhase section */

/* Begin PBXShellScriptBuildPhase section */
		B98DBCE926907A560076C3FB /* ShellScript */ = {
			isa = PBXShellScriptBuildPhase;
			buildActionMask = 2147483647;
			files = (
			);
			inputFileListPaths = (
			);
			inputPaths = (
			);
			outputFileListPaths = (
			);
			outputPaths = (
			);
			runOnlyForDeploymentPostprocessing = 0;
			shellPath = /bin/sh;
			shellScript = "# Type a script or drag a script file from your workspace to insert its path.\nif which swiftlint >/dev/null; then\n  swiftlint\nelse\n  echo \"error: SwiftLint does not exist, download it from https://github.com/realm/SwiftLint\"\n  exit 1\nfi\n";
		};
/* End PBXShellScriptBuildPhase section */

/* Begin PBXSourcesBuildPhase section */
		B9A0B2A42683A8D900789243 /* Sources */ = {
			isa = PBXSourcesBuildPhase;
			buildActionMask = 2147483647;
			files = (
				B9E2C2EE26879E1600124638 /* DateCollectionViewCell.swift in Sources */,
				B9A0B2B02683A8D900789243 /* ViewController.swift in Sources */,
				B9876C08268CD3D4003E8F0E /* TaskData.swift in Sources */,
				B9A0B2AC2683A8D900789243 /* AppDelegate.swift in Sources */,
				B9E2C2F02687A04A00124638 /* CalendarVars.swift in Sources */,
				B985D9B22690F3F3002DA0F1 /* PrepareJSON.swift in Sources */,
				B9A0B2AE2683A8D900789243 /* SceneDelegate.swift in Sources */,
				B9865497268F9BA90071BA18 /* DetailViewController.swift in Sources */,
			);
			runOnlyForDeploymentPostprocessing = 0;
		};
/* End PBXSourcesBuildPhase section */

/* Begin PBXVariantGroup section */
		B9A0B2B12683A8D900789243 /* Main.storyboard */ = {
			isa = PBXVariantGroup;
			children = (
				B9A0B2B22683A8D900789243 /* Base */,
			);
			name = Main.storyboard;
			sourceTree = "<group>";
		};
		B9A0B2B62683A8DA00789243 /* LaunchScreen.storyboard */ = {
			isa = PBXVariantGroup;
			children = (
				B9A0B2B72683A8DA00789243 /* Base */,
			);
			name = LaunchScreen.storyboard;
			sourceTree = "<group>";
		};
/* End PBXVariantGroup section */

/* Begin XCBuildConfiguration section */
		B9A0B2BA2683A8DA00789243 /* Debug */ = {
			isa = XCBuildConfiguration;
			buildSettings = {
				ALWAYS_SEARCH_USER_PATHS = NO;
				CLANG_ANALYZER_NONNULL = YES;
				CLANG_ANALYZER_NUMBER_OBJECT_CONVERSION = YES_AGGRESSIVE;
				CLANG_CXX_LANGUAGE_STANDARD = "gnu++14";
				CLANG_CXX_LIBRARY = "libc++";
				CLANG_ENABLE_MODULES = YES;
				CLANG_ENABLE_OBJC_ARC = YES;
				CLANG_ENABLE_OBJC_WEAK = YES;
				CLANG_WARN_BLOCK_CAPTURE_AUTORELEASING = YES;
				CLANG_WARN_BOOL_CONVERSION = YES;
				CLANG_WARN_COMMA = YES;
				CLANG_WARN_CONSTANT_CONVERSION = YES;
				CLANG_WARN_DEPRECATED_OBJC_IMPLEMENTATIONS = YES;
				CLANG_WARN_DIRECT_OBJC_ISA_USAGE = YES_ERROR;
				CLANG_WARN_DOCUMENTATION_COMMENTS = YES;
				CLANG_WARN_EMPTY_BODY = YES;
				CLANG_WARN_ENUM_CONVERSION = YES;
				CLANG_WARN_INFINITE_RECURSION = YES;
				CLANG_WARN_INT_CONVERSION = YES;
				CLANG_WARN_NON_LITERAL_NULL_CONVERSION = YES;
				CLANG_WARN_OBJC_IMPLICIT_RETAIN_SELF = YES;
				CLANG_WARN_OBJC_LITERAL_CONVERSION = YES;
				CLANG_WARN_OBJC_ROOT_CLASS = YES_ERROR;
				CLANG_WARN_QUOTED_INCLUDE_IN_FRAMEWORK_HEADER = YES;
				CLANG_WARN_RANGE_LOOP_ANALYSIS = YES;
				CLANG_WARN_STRICT_PROTOTYPES = YES;
				CLANG_WARN_SUSPICIOUS_MOVE = YES;
				CLANG_WARN_UNGUARDED_AVAILABILITY = YES_AGGRESSIVE;
				CLANG_WARN_UNREACHABLE_CODE = YES;
				CLANG_WARN__DUPLICATE_METHOD_MATCH = YES;
				COPY_PHASE_STRIP = NO;
				DEBUG_INFORMATION_FORMAT = dwarf;
				ENABLE_STRICT_OBJC_MSGSEND = YES;
				ENABLE_TESTABILITY = YES;
				GCC_C_LANGUAGE_STANDARD = gnu11;
				GCC_DYNAMIC_NO_PIC = NO;
				GCC_NO_COMMON_BLOCKS = YES;
				GCC_OPTIMIZATION_LEVEL = 0;
				GCC_PREPROCESSOR_DEFINITIONS = (
					"DEBUG=1",
					"$(inherited)",
				);
				GCC_WARN_64_TO_32_BIT_CONVERSION = YES;
				GCC_WARN_ABOUT_RETURN_TYPE = YES_ERROR;
				GCC_WARN_UNDECLARED_SELECTOR = YES;
				GCC_WARN_UNINITIALIZED_AUTOS = YES_AGGRESSIVE;
				GCC_WARN_UNUSED_FUNCTION = YES;
				GCC_WARN_UNUSED_VARIABLE = YES;
				IPHONEOS_DEPLOYMENT_TARGET = 12.1;
				MTL_ENABLE_DEBUG_INFO = INCLUDE_SOURCE;
				MTL_FAST_MATH = YES;
				ONLY_ACTIVE_ARCH = YES;
				SDKROOT = iphoneos;
				SWIFT_ACTIVE_COMPILATION_CONDITIONS = DEBUG;
				SWIFT_OPTIMIZATION_LEVEL = "-Onone";
			};
			name = Debug;
		};
		B9A0B2BB2683A8DA00789243 /* Release */ = {
			isa = XCBuildConfiguration;
			buildSettings = {
				ALWAYS_SEARCH_USER_PATHS = NO;
				CLANG_ANALYZER_NONNULL = YES;
				CLANG_ANALYZER_NUMBER_OBJECT_CONVERSION = YES_AGGRESSIVE;
				CLANG_CXX_LANGUAGE_STANDARD = "gnu++14";
				CLANG_CXX_LIBRARY = "libc++";
				CLANG_ENABLE_MODULES = YES;
				CLANG_ENABLE_OBJC_ARC = YES;
				CLANG_ENABLE_OBJC_WEAK = YES;
				CLANG_WARN_BLOCK_CAPTURE_AUTORELEASING = YES;
				CLANG_WARN_BOOL_CONVERSION = YES;
				CLANG_WARN_COMMA = YES;
				CLANG_WARN_CONSTANT_CONVERSION = YES;
				CLANG_WARN_DEPRECATED_OBJC_IMPLEMENTATIONS = YES;
				CLANG_WARN_DIRECT_OBJC_ISA_USAGE = YES_ERROR;
				CLANG_WARN_DOCUMENTATION_COMMENTS = YES;
				CLANG_WARN_EMPTY_BODY = YES;
				CLANG_WARN_ENUM_CONVERSION = YES;
				CLANG_WARN_INFINITE_RECURSION = YES;
				CLANG_WARN_INT_CONVERSION = YES;
				CLANG_WARN_NON_LITERAL_NULL_CONVERSION = YES;
				CLANG_WARN_OBJC_IMPLICIT_RETAIN_SELF = YES;
				CLANG_WARN_OBJC_LITERAL_CONVERSION = YES;
				CLANG_WARN_OBJC_ROOT_CLASS = YES_ERROR;
				CLANG_WARN_QUOTED_INCLUDE_IN_FRAMEWORK_HEADER = YES;
				CLANG_WARN_RANGE_LOOP_ANALYSIS = YES;
				CLANG_WARN_STRICT_PROTOTYPES = YES;
				CLANG_WARN_SUSPICIOUS_MOVE = YES;
				CLANG_WARN_UNGUARDED_AVAILABILITY = YES_AGGRESSIVE;
				CLANG_WARN_UNREACHABLE_CODE = YES;
				CLANG_WARN__DUPLICATE_METHOD_MATCH = YES;
				COPY_PHASE_STRIP = NO;
				DEBUG_INFORMATION_FORMAT = "dwarf-with-dsym";
				ENABLE_NS_ASSERTIONS = NO;
				ENABLE_STRICT_OBJC_MSGSEND = YES;
				GCC_C_LANGUAGE_STANDARD = gnu11;
				GCC_NO_COMMON_BLOCKS = YES;
				GCC_WARN_64_TO_32_BIT_CONVERSION = YES;
				GCC_WARN_ABOUT_RETURN_TYPE = YES_ERROR;
				GCC_WARN_UNDECLARED_SELECTOR = YES;
				GCC_WARN_UNINITIALIZED_AUTOS = YES_AGGRESSIVE;
				GCC_WARN_UNUSED_FUNCTION = YES;
				GCC_WARN_UNUSED_VARIABLE = YES;
				IPHONEOS_DEPLOYMENT_TARGET = 12.1;
				MTL_ENABLE_DEBUG_INFO = NO;
				MTL_FAST_MATH = YES;
				SDKROOT = iphoneos;
				SWIFT_COMPILATION_MODE = wholemodule;
				SWIFT_OPTIMIZATION_LEVEL = "-O";
				VALIDATE_PRODUCT = YES;
			};
			name = Release;
		};
		B9A0B2BD2683A8DA00789243 /* Debug */ = {
			isa = XCBuildConfiguration;
			buildSettings = {
				ASSETCATALOG_COMPILER_APPICON_NAME = AppIcon;
				ASSETCATALOG_COMPILER_GLOBAL_ACCENT_COLOR_NAME = AccentColor;
				CODE_SIGN_STYLE = Automatic;
				INFOPLIST_FILE = calendar/Info.plist;
				IPHONEOS_DEPLOYMENT_TARGET = 13.0;
				LD_RUNPATH_SEARCH_PATHS = (
					"$(inherited)",
					"@executable_path/Frameworks",
				);
				PRODUCT_BUNDLE_IDENTIFIER = home.calendar;
				PRODUCT_NAME = "$(TARGET_NAME)";
				SWIFT_VERSION = 5.0;
				TARGETED_DEVICE_FAMILY = 1;
			};
			name = Debug;
		};
		B9A0B2BE2683A8DA00789243 /* Release */ = {
			isa = XCBuildConfiguration;
			buildSettings = {
				ASSETCATALOG_COMPILER_APPICON_NAME = AppIcon;
				ASSETCATALOG_COMPILER_GLOBAL_ACCENT_COLOR_NAME = AccentColor;
				CODE_SIGN_STYLE = Automatic;
				INFOPLIST_FILE = calendar/Info.plist;
				IPHONEOS_DEPLOYMENT_TARGET = 13.0;
				LD_RUNPATH_SEARCH_PATHS = (
					"$(inherited)",
					"@executable_path/Frameworks",
				);
				PRODUCT_BUNDLE_IDENTIFIER = home.calendar;
				PRODUCT_NAME = "$(TARGET_NAME)";
				SWIFT_VERSION = 5.0;
				TARGETED_DEVICE_FAMILY = 1;
			};
			name = Release;
		};
/* End XCBuildConfiguration section */

/* Begin XCConfigurationList section */
		B9A0B2A32683A8D900789243 /* Build configuration list for PBXProject "calendar" */ = {
			isa = XCConfigurationList;
			buildConfigurations = (
				B9A0B2BA2683A8DA00789243 /* Debug */,
				B9A0B2BB2683A8DA00789243 /* Release */,
			);
			defaultConfigurationIsVisible = 0;
			defaultConfigurationName = Release;
		};
		B9A0B2BC2683A8DA00789243 /* Build configuration list for PBXNativeTarget "calendar" */ = {
			isa = XCConfigurationList;
			buildConfigurations = (
				B9A0B2BD2683A8DA00789243 /* Debug */,
				B9A0B2BE2683A8DA00789243 /* Release */,
			);
			defaultConfigurationIsVisible = 0;
			defaultConfigurationName = Release;
		};
/* End XCConfigurationList section */
	};
	rootObject = B9A0B2A02683A8D900789243 /* Project object */;
}
